<?xml version="1.0" encoding="utf-8"?>
<Project ToolsVersion="4.0" xmlns="http://schemas.microsoft.com/developer/msbuild/2003">
  <ItemGroup>
    <Filter Include="Source Files">
      <UniqueIdentifier>{4FC737F1-C7A5-4376-A066-2A32D752A2FF}</UniqueIdentifier>
      <Extensions>cpp;c;cc;cxx;def;odl;idl;hpj;bat;asm;asmx</Extensions>
    </Filter>
    <Filter Include="Header Files">
      <UniqueIdentifier>{93995380-89BD-4b04-88EB-625FBE52EBFB}</UniqueIdentifier>
      <Extensions>h;hh;hpp;hxx;hm;inl;inc;xsd</Extensions>
    </Filter>
    <Filter Include="Resource Files">
      <UniqueIdentifier>{67DA6AB6-F800-4c08-8B7A-83BB121AAD01}</UniqueIdentifier>
      <Extensions>rc;ico;cur;bmp;dlg;rc2;rct;bin;rgs;gif;jpg;jpeg;jpe;resx;tiff;tif;png;wav;mfcribbon-ms</Extensions>
    </Filter>
  </ItemGroup>
  <ItemGroup>
    <Text Include="ReadMe.txt" />
  </ItemGroup>
  <ItemGroup>
    <ClInclude Include="ChatClient.h">
      <Filter>Header Files</Filter>
    </ClInclude>
    <ClInclude Include="JsonTools.h">
      <Filter>Header Files</Filter>
    </ClInclude>
    <ClInclude Include="Serializable.h">
      <Filter>Header Files</Filter>
    </ClInclude>
    <ClInclude Include="WFEnums.h">
      <Filter>Header Files</Filter>
    </ClInclude>
    <ClInclude Include="message\AddGroupMemberNotificationContent.h">
      <Filter>Header Files</Filter>
    </ClInclude>
    <ClInclude Include="message\CallStartMessageContent.h">
      <Filter>Header Files</Filter>
    </ClInclude>
    <ClInclude Include="message\ChangeGroupNameNotificationContent.h">
      <Filter>Header Files</Filter>
    </ClInclude>
    <ClInclude Include="message\ChangeGroupPortraitNotificationContent.h">
      <Filter>Header Files</Filter>
    </ClInclude>
    <ClInclude Include="message\CreateGroupNotificationContent.h">
      <Filter>Header Files</Filter>
    </ClInclude>
    <ClInclude Include="message\DismissGroupNotificationContent.h">
      <Filter>Header Files</Filter>
    </ClInclude>
    <ClInclude Include="message\FileMessageContent.h">
      <Filter>Header Files</Filter>
    </ClInclude>
    <ClInclude Include="message\GroupJoinTypeNotificationContent.h">
      <Filter>Header Files</Filter>
    </ClInclude>
    <ClInclude Include="message\GroupMuteNotificationContent.h">
      <Filter>Header Files</Filter>
    </ClInclude>
    <ClInclude Include="message\GroupPrivateChatNotificationContent.h">
      <Filter>Header Files</Filter>
    </ClInclude>
    <ClInclude Include="message\GroupSetManagerNotificationContent.h">
      <Filter>Header Files</Filter>
    </ClInclude>
    <ClInclude Include="message\ImageMessageContent.h">
      <Filter>Header Files</Filter>
    </ClInclude>
    <ClInclude Include="message\KickoffGroupMemberNotificaionContent.h">
      <Filter>Header Files</Filter>
    </ClInclude>
    <ClInclude Include="message\LocationMessageContent.h">
      <Filter>Header Files</Filter>
    </ClInclude>
    <ClInclude Include="message\MediaMessageContent.h">
      <Filter>Header Files</Filter>
    </ClInclude>
    <ClInclude Include="message\Message.h">
      <Filter>Header Files</Filter>
    </ClInclude>
    <ClInclude Include="message\MessageContent.h">
      <Filter>Header Files</Filter>
    </ClInclude>
    <ClInclude Include="message\MessagePayload.h">
      <Filter>Header Files</Filter>
    </ClInclude>
    <ClInclude Include="message\ModifyGroupAliasNotificationContent.h">
      <Filter>Header Files</Filter>
    </ClInclude>
    <ClInclude Include="message\NotificationMessageContent.h">
      <Filter>Header Files</Filter>
    </ClInclude>
    <ClInclude Include="message\PTextMessageContent.h">
      <Filter>Header Files</Filter>
    </ClInclude>
    <ClInclude Include="message\QuitGroupNotificationContent.h">
      <Filter>Header Files</Filter>
    </ClInclude>
    <ClInclude Include="message\RecallMessageContent.h">
      <Filter>Header Files</Filter>
    </ClInclude>
    <ClInclude Include="message\SoundMessageContent.h">
      <Filter>Header Files</Filter>
    </ClInclude>
    <ClInclude Include="message\StickerMessageContent.h">
      <Filter>Header Files</Filter>
    </ClInclude>
    <ClInclude Include="message\TextMessageContent.h">
      <Filter>Header Files</Filter>
    </ClInclude>
    <ClInclude Include="message\TipNotificationContent.h">
      <Filter>Header Files</Filter>
    </ClInclude>
    <ClInclude Include="message\TransferGroupOwnerNotificationContent.h">
      <Filter>Header Files</Filter>
    </ClInclude>
    <ClInclude Include="message\TypingMessageContent.h">
      <Filter>Header Files</Filter>
    </ClInclude>
    <ClInclude Include="message\UnknownMessageContent.h">
      <Filter>Header Files</Filter>
    </ClInclude>
    <ClInclude Include="message\VideoMessageContent.h">
      <Filter>Header Files</Filter>
    </ClInclude>
    <ClInclude Include="model\ChannelInfo.h">
      <Filter>Header Files</Filter>
    </ClInclude>
    <ClInclude Include="model\ChatroomInfo.h">
      <Filter>Header Files</Filter>
    </ClInclude>
    <ClInclude Include="model\Conversation.h">
      <Filter>Header Files</Filter>
    </ClInclude>
    <ClInclude Include="model\ConversationInfo.h">
      <Filter>Header Files</Filter>
    </ClInclude>
    <ClInclude Include="model\ConversationSearchInfo.h">
      <Filter>Header Files</Filter>
    </ClInclude>
    <ClInclude Include="model\FriendRequest.h">
      <Filter>Header Files</Filter>
    </ClInclude>
    <ClInclude Include="model\GroupInfo.h">
      <Filter>Header Files</Filter>
    </ClInclude>
    <ClInclude Include="model\GroupSearchInfo.h">
      <Filter>Header Files</Filter>
    </ClInclude>
    <ClInclude Include="model\UnreadCount.h">
      <Filter>Header Files</Filter>
    </ClInclude>
    <ClInclude Include="model\UserInfo.h">
      <Filter>Header Files</Filter>
    </ClInclude>
    <ClInclude Include="model\UserSettingEntry.h">
      <Filter>Header Files</Filter>
    </ClInclude>
  </ItemGroup>
  <ItemGroup>
    <ClCompile Include="ChatClient.cpp">
      <Filter>Source Files</Filter>
    </ClCompile>
    <ClCompile Include="JsonTools.cpp">
      <Filter>Source Files</Filter>
    </ClCompile>
    <ClCompile Include="Serializable.cpp">
      <Filter>Source Files</Filter>
    </ClCompile>
    <ClCompile Include="message\AddGroupMemberNotificationContent.cpp">
      <Filter>Source Files</Filter>
    </ClCompile>
    <ClCompile Include="message\CallStartMessageContent.cpp">
      <Filter>Source Files</Filter>
    </ClCompile>
    <ClCompile Include="message\ChangeGroupNameNotificationContent.cpp">
      <Filter>Source Files</Filter>
    </ClCompile>
    <ClCompile Include="message\ChangeGroupPortraitNotificationContent.cpp">
      <Filter>Source Files</Filter>
    </ClCompile>
    <ClCompile Include="message\CreateGroupNotificationContent.cpp">
      <Filter>Source Files</Filter>
    </ClCompile>
    <ClCompile Include="message\DismissGroupNotificationContent.cpp">
      <Filter>Source Files</Filter>
    </ClCompile>
    <ClCompile Include="message\FileMessageContent.cpp">
      <Filter>Source Files</Filter>
    </ClCompile>
    <ClCompile Include="message\GroupJoinTypeNotificationContent.cpp">
      <Filter>Source Files</Filter>
    </ClCompile>
    <ClCompile Include="message\GroupMuteNotificationContent.cpp">
      <Filter>Source Files</Filter>
    </ClCompile>
    <ClCompile Include="message\GroupPrivateChatNotificationContent.cpp">
      <Filter>Source Files</Filter>
    </ClCompile>
    <ClCompile Include="message\GroupSetManagerNotificationContent.cpp">
      <Filter>Source Files</Filter>
    </ClCompile>
    <ClCompile Include="message\ImageMessageContent.cpp">
      <Filter>Source Files</Filter>
    </ClCompile>
    <ClCompile Include="message\KickoffGroupMemberNotificaionContent.cpp">
      <Filter>Source Files</Filter>
    </ClCompile>
    <ClCompile Include="message\LocationMessageContent.cpp">
      <Filter>Source Files</Filter>
    </ClCompile>
    <ClCompile Include="message\MediaMessageContent.cpp">
      <Filter>Source Files</Filter>
    </ClCompile>
    <ClCompile Include="message\Message.cpp">
      <Filter>Source Files</Filter>
    </ClCompile>
    <ClCompile Include="message\MessageContent.cpp">
      <Filter>Source Files</Filter>
    </ClCompile>
    <ClCompile Include="message\MessagePayload.cpp">
      <Filter>Source Files</Filter>
    </ClCompile>
    <ClCompile Include="message\ModifyGroupAliasNotificationContent.cpp">
      <Filter>Source Files</Filter>
    </ClCompile>
    <ClCompile Include="message\NotificationMessageContent.cpp">
      <Filter>Source Files</Filter>
    </ClCompile>
    <ClCompile Include="message\PTextMessageContent.cpp">
      <Filter>Source Files</Filter>
    </ClCompile>
    <ClCompile Include="message\QuitGroupNotificationContent.cpp">
      <Filter>Source Files</Filter>
    </ClCompile>
    <ClCompile Include="message\RecallMessageContent.cpp">
      <Filter>Source Files</Filter>
    </ClCompile>
    <ClCompile Include="message\SoundMessageContent.cpp">
      <Filter>Source Files</Filter>
    </ClCompile>
    <ClCompile Include="message\StickerMessageContent.cpp">
      <Filter>Source Files</Filter>
    </ClCompile>
    <ClCompile Include="message\TextMessageContent.cpp">
      <Filter>Source Files</Filter>
    </ClCompile>
    <ClCompile Include="message\TipNotificationContent.cpp">
      <Filter>Source Files</Filter>
    </ClCompile>
    <ClCompile Include="message\TransferGroupOwnerNotificationContent.cpp">
      <Filter>Source Files</Filter>
    </ClCompile>
    <ClCompile Include="message\TypingMessageContent.cpp">
      <Filter>Source Files</Filter>
    </ClCompile>
    <ClCompile Include="message\UnknownMessageContent.cpp">
      <Filter>Source Files</Filter>
    </ClCompile>
    <ClCompile Include="message\VideoMessageContent.cpp">
      <Filter>Source Files</Filter>
    </ClCompile>
    <ClCompile Include="model\ChannelInfo.cpp">
      <Filter>Source Files</Filter>
    </ClCompile>
    <ClCompile Include="model\ChatroomInfo.cpp">
      <Filter>Source Files</Filter>
    </ClCompile>
    <ClCompile Include="model\Conversation.cpp">
      <Filter>Source Files</Filter>
    </ClCompile>
    <ClCompile Include="model\ConversationInfo.cpp">
      <Filter>Source Files</Filter>
    </ClCompile>
    <ClCompile Include="model\ConversationSearchInfo.cpp">
      <Filter>Source Files</Filter>
    </ClCompile>
    <ClCompile Include="model\FriendRequest.cpp">
      <Filter>Source Files</Filter>
    </ClCompile>
    <ClCompile Include="model\GroupInfo.cpp">
      <Filter>Source Files</Filter>
    </ClCompile>
    <ClCompile Include="model\GroupSearchInfo.cpp">
      <Filter>Source Files</Filter>
    </ClCompile>
    <ClCompile Include="model\UnreadCount.cpp">
      <Filter>Source Files</Filter>
    </ClCompile>
    <ClCompile Include="model\UserInfo.cpp">
      <Filter>Source Files</Filter>
    </ClCompile>
    <ClCompile Include="model\UserSettingEntry.cpp">
      <Filter>Source Files</Filter>
    </ClCompile>
  </ItemGroup>
</Project>