<?xml version="1.0" encoding="utf-8"?>
<Project ToolsVersion="4.0" xmlns="http://schemas.microsoft.com/developer/msbuild/2003">
  <ItemGroup>
    <Filter Include="Source Files">
      <UniqueIdentifier>{4FC737F1-C7A5-4376-A066-2A32D752A2FF}</UniqueIdentifier>
      <Extensions>cpp;c;cc;cxx;def;odl;idl;hpj;bat;asm;asmx</Extensions>
    </Filter>
    <Filter Include="Header Files">
      <UniqueIdentifier>{93995380-89BD-4b04-88EB-625FBE52EBFB}</UniqueIdentifier>
      <Extensions>h;hh;hpp;hxx;hm;inl;inc;xsd</Extensions>
    </Filter>
    <Filter Include="Resource Files">
      <UniqueIdentifier>{67DA6AB6-F800-4c08-8B7A-83BB121AAD01}</UniqueIdentifier>
      <Extensions>rc;ico;cur;bmp;dlg;rc2;rct;bin;rgs;gif;jpg;jpeg;jpe;resx;tiff;tif;png;wav;mfcribbon-ms</Extensions>
    </Filter>
  </ItemGroup>
  <ItemGroup>
    <Text Include="ReadMe.txt" />
  </ItemGroup>
  <ItemGroup>
    <ClInclude Include="ChatClient.h">
      <Filter>Header Files</Filter>
    </ClInclude>
    <ClInclude Include="MessageContent.h">
      <Filter>Header Files</Filter>
    </ClInclude>
    <ClInclude Include="MessagePayload.h">
      <Filter>Header Files</Filter>
    </ClInclude>
    <ClInclude Include="TextMessageContent.h">
      <Filter>Header Files</Filter>
    </ClInclude>
    <ClInclude Include="ChannelInfo.h">
      <Filter>Header Files</Filter>
    </ClInclude>
    <ClInclude Include="ChatroomInfo.h">
      <Filter>Header Files</Filter>
    </ClInclude>
    <ClInclude Include="Conversation.h">
      <Filter>Header Files</Filter>
    </ClInclude>
    <ClInclude Include="ConversationInfo.h">
      <Filter>Header Files</Filter>
    </ClInclude>
    <ClInclude Include="ConversationSearchInfo.h">
      <Filter>Header Files</Filter>
    </ClInclude>
    <ClInclude Include="FriendRequest.h">
      <Filter>Header Files</Filter>
    </ClInclude>
    <ClInclude Include="GroupInfo.h">
      <Filter>Header Files</Filter>
    </ClInclude>
    <ClInclude Include="GroupSearchInfo.h">
      <Filter>Header Files</Filter>
    </ClInclude>
    <ClInclude Include="JsonTools.h">
      <Filter>Header Files</Filter>
    </ClInclude>
    <ClInclude Include="Message.h">
      <Filter>Header Files</Filter>
    </ClInclude>
    <ClInclude Include="Serializable.h">
      <Filter>Header Files</Filter>
    </ClInclude>
    <ClInclude Include="UnknownMessageContent.h">
      <Filter>Header Files</Filter>
    </ClInclude>
    <ClInclude Include="UnreadCount.h">
      <Filter>Header Files</Filter>
    </ClInclude>
    <ClInclude Include="UserInfo.h">
      <Filter>Header Files</Filter>
    </ClInclude>
    <ClInclude Include="UserSettingEntry.h">
      <Filter>Header Files</Filter>
    </ClInclude>
    <ClInclude Include="WFEnums.h">
      <Filter>Header Files</Filter>
    </ClInclude>
  </ItemGroup>
  <ItemGroup>
    <ClCompile Include="ChatClient.cpp">
      <Filter>Source Files</Filter>
    </ClCompile>
    <ClCompile Include="MessageContent.cpp">
      <Filter>Source Files</Filter>
    </ClCompile>
    <ClCompile Include="MessagePayload.cpp">
      <Filter>Source Files</Filter>
    </ClCompile>
    <ClCompile Include="TextMessageContent.cpp">
      <Filter>Source Files</Filter>
    </ClCompile>
    <ClCompile Include="ChannelInfo.cpp">
      <Filter>Source Files</Filter>
    </ClCompile>
    <ClCompile Include="ChatroomInfo.cpp">
      <Filter>Source Files</Filter>
    </ClCompile>
    <ClCompile Include="Conversation.cpp">
      <Filter>Source Files</Filter>
    </ClCompile>
    <ClCompile Include="ConversationInfo.cpp">
      <Filter>Source Files</Filter>
    </ClCompile>
    <ClCompile Include="ConversationSearchInfo.cpp">
      <Filter>Source Files</Filter>
    </ClCompile>
    <ClCompile Include="FriendRequest.cpp">
      <Filter>Source Files</Filter>
    </ClCompile>
    <ClCompile Include="GroupInfo.cpp">
      <Filter>Source Files</Filter>
    </ClCompile>
    <ClCompile Include="GroupSearchInfo.cpp">
      <Filter>Source Files</Filter>
    </ClCompile>
    <ClCompile Include="JsonTools.cpp">
      <Filter>Source Files</Filter>
    </ClCompile>
    <ClCompile Include="Message.cpp">
      <Filter>Source Files</Filter>
    </ClCompile>
    <ClCompile Include="Serializable.cpp">
      <Filter>Source Files</Filter>
    </ClCompile>
    <ClCompile Include="UnknownMessageContent.cpp">
      <Filter>Source Files</Filter>
    </ClCompile>
    <ClCompile Include="UnreadCount.cpp">
      <Filter>Source Files</Filter>
    </ClCompile>
    <ClCompile Include="UserInfo.cpp">
      <Filter>Source Files</Filter>
    </ClCompile>
    <ClCompile Include="UserSettingEntry.cpp">
      <Filter>Source Files</Filter>
    </ClCompile>
  </ItemGroup>
</Project>